
Microsoft Visual Studio Solution File, Format Version 12.00
# Visual Studio 14
VisualStudioVersion = 14.0.25123.0
MinimumVisualStudioVersion = 10.0.40219.1
Project("{FAE04EC0-301F-11D3-BF4B-00C04F79EFBC}") = "DesenvolvendoCaixaEletronico", "DesenvolvendoCaixaEletronico\DesenvolvendoCaixaEletronico.csproj", "{CAFC60A4-1D7B-4617-9569-5941BC6BF214}"
EndProject
Global
	GlobalSection(SolutionConfigurationPlatforms) = preSolution
		Debug|Any CPU = Debug|Any CPU
		Release|Any CPU = Release|Any CPU
	EndGlobalSection
	GlobalSection(ProjectConfigurationPlatforms) = postSolution
		{CAFC60A4-1D7B-4617-9569-5941BC6BF214}.Debug|Any CPU.ActiveCfg = Debug|Any CPU
		{CAFC60A4-1D7B-4617-9569-5941BC6BF214}.Debug|Any CPU.Build.0 = Debug|Any CPU
		{CAFC60A4-1D7B-4617-9569-5941BC6BF214}.Release|Any CPU.ActiveCfg = Release|Any CPU
		{CAFC60A4-1D7B-4617-9569-5941BC6BF214}.Release|Any CPU.Build.0 = Release|Any CPU
	EndGlobalSection
	GlobalSection(SolutionProperties) = preSolution
		HideSolutionNode = FALSE
	EndGlobalSection
EndGlobal
